// !$*UTF8*$!
{
	archiveVersion = 1;
	classes = {
	};
	objectVersion = 50;
	objects = {

/* Begin PBXBuildFile section */
		341AE5002273454C0046535C /* SearchController.swift in Sources */ = {isa = PBXBuildFile; fileRef = 341AE4FF2273454C0046535C /* SearchController.swift */; };
		341C327E227200A600ED619E /* AppDelegate.swift in Sources */ = {isa = PBXBuildFile; fileRef = 341C327D227200A600ED619E /* AppDelegate.swift */; };
		341C3283227200A600ED619E /* Main.storyboard in Resources */ = {isa = PBXBuildFile; fileRef = 341C3281227200A600ED619E /* Main.storyboard */; };
		341C3288227200A800ED619E /* Assets.xcassets in Resources */ = {isa = PBXBuildFile; fileRef = 341C3287227200A800ED619E /* Assets.xcassets */; };
		341C328B227200A800ED619E /* LaunchScreen.storyboard in Resources */ = {isa = PBXBuildFile; fileRef = 341C3289227200A800ED619E /* LaunchScreen.storyboard */; };
		341C3296227200A800ED619E /* RecipleaseTests.swift in Sources */ = {isa = PBXBuildFile; fileRef = 341C3295227200A800ED619E /* RecipleaseTests.swift */; };
		341C32A1227200A800ED619E /* RecipleaseUITests.swift in Sources */ = {isa = PBXBuildFile; fileRef = 341C32A0227200A800ED619E /* RecipleaseUITests.swift */; };
		341D6FF222B97F6D00AA6CE1 /* Reciplease.xcdatamodeld in Sources */ = {isa = PBXBuildFile; fileRef = 341D6FF022B97F6D00AA6CE1 /* Reciplease.xcdatamodeld */; };
		341D6FF422B9850800AA6CE1 /* RecipeStorageManager.swift in Sources */ = {isa = PBXBuildFile; fileRef = 341D6FF322B9850800AA6CE1 /* RecipeStorageManager.swift */; };
		341D87F322A924C1009C62D8 /* Recipes.json in Resources */ = {isa = PBXBuildFile; fileRef = 341D87F222A924C1009C62D8 /* Recipes.json */; };
		341D87F522A92587009C62D8 /* FakeResponseData.swift in Sources */ = {isa = PBXBuildFile; fileRef = 341D87F422A92587009C62D8 /* FakeResponseData.swift */; };
		341FF3582275D64A00788AFE /* RecipesListController.swift in Sources */ = {isa = PBXBuildFile; fileRef = 341FF3572275D64A00788AFE /* RecipesListController.swift */; };
		341FF35A2275D74000788AFE /* FavoritesListController.swift in Sources */ = {isa = PBXBuildFile; fileRef = 341FF3592275D74000788AFE /* FavoritesListController.swift */; };
		341FF35C2275D91500788AFE /* DetailRecipeController.swift in Sources */ = {isa = PBXBuildFile; fileRef = 341FF35B2275D91500788AFE /* DetailRecipeController.swift */; };
		34220DF522BB8EAB00B47046 /* CoreDataTests.swift in Sources */ = {isa = PBXBuildFile; fileRef = 34220DF422BB8EAB00B47046 /* CoreDataTests.swift */; };
		3423F75222970E3700B2D19E /* RecipesService.swift in Sources */ = {isa = PBXBuildFile; fileRef = 3423F75122970E3700B2D19E /* RecipesService.swift */; };
		3426F6E722A5986700C6702F /* ApiKeys.plist in Resources */ = {isa = PBXBuildFile; fileRef = 3426F6E622A5986700C6702F /* ApiKeys.plist */; };
		3426F6E922A5990300C6702F /* .gitignore in Resources */ = {isa = PBXBuildFile; fileRef = 3426F6E822A5990300C6702F /* .gitignore */; };
		3426F6EB22A5992A00C6702F /* ApiKeys.swift in Sources */ = {isa = PBXBuildFile; fileRef = 3426F6EA22A5992A00C6702F /* ApiKeys.swift */; };
		34309E0A227AE51200D714EF /* Recipes.swift in Sources */ = {isa = PBXBuildFile; fileRef = 34309E09227AE51200D714EF /* Recipes.swift */; };
		34312C16227877EE006B4621 /* RecipeCellTableViewCell.swift in Sources */ = {isa = PBXBuildFile; fileRef = 34312C15227877EE006B4621 /* RecipeCellTableViewCell.swift */; };
		34312C1822788035006B4621 /* FavoriteRecipeCellTableViewCell.swift in Sources */ = {isa = PBXBuildFile; fileRef = 34312C1722788035006B4621 /* FavoriteRecipeCellTableViewCell.swift */; };
		6658BBA52CFE29CA746DAC7E /* Pods_Reciplease.framework in Frameworks */ = {isa = PBXBuildFile; fileRef = 7720E1992D9707157C519DD9 /* Pods_Reciplease.framework */; };
/* End PBXBuildFile section */

/* Begin PBXContainerItemProxy section */
		341C3292227200A800ED619E /* PBXContainerItemProxy */ = {
			isa = PBXContainerItemProxy;
			containerPortal = 341C3272227200A600ED619E /* Project object */;
			proxyType = 1;
			remoteGlobalIDString = 341C3279227200A600ED619E;
			remoteInfo = Reciplease;
		};
		341C329D227200A800ED619E /* PBXContainerItemProxy */ = {
			isa = PBXContainerItemProxy;
			containerPortal = 341C3272227200A600ED619E /* Project object */;
			proxyType = 1;
			remoteGlobalIDString = 341C3279227200A600ED619E;
			remoteInfo = Reciplease;
		};
/* End PBXContainerItemProxy section */

/* Begin PBXFileReference section */
		2D418E3EBABFAA07FDE89843 /* Pods-Reciplease.debug.xcconfig */ = {isa = PBXFileReference; includeInIndex = 1; lastKnownFileType = text.xcconfig; name = "Pods-Reciplease.debug.xcconfig"; path = "Target Support Files/Pods-Reciplease/Pods-Reciplease.debug.xcconfig"; sourceTree = "<group>"; };
		341AE4FF2273454C0046535C /* SearchController.swift */ = {isa = PBXFileReference; lastKnownFileType = sourcecode.swift; path = SearchController.swift; sourceTree = "<group>"; };
		341C327A227200A600ED619E /* Reciplease.app */ = {isa = PBXFileReference; explicitFileType = wrapper.application; includeInIndex = 0; path = Reciplease.app; sourceTree = BUILT_PRODUCTS_DIR; };
		341C327D227200A600ED619E /* AppDelegate.swift */ = {isa = PBXFileReference; lastKnownFileType = sourcecode.swift; path = AppDelegate.swift; sourceTree = "<group>"; };
		341C3282227200A600ED619E /* Base */ = {isa = PBXFileReference; lastKnownFileType = file.storyboard; name = Base; path = Base.lproj/Main.storyboard; sourceTree = "<group>"; };
		341C3287227200A800ED619E /* Assets.xcassets */ = {isa = PBXFileReference; lastKnownFileType = folder.assetcatalog; path = Assets.xcassets; sourceTree = "<group>"; };
		341C328A227200A800ED619E /* Base */ = {isa = PBXFileReference; lastKnownFileType = file.storyboard; name = Base; path = Base.lproj/LaunchScreen.storyboard; sourceTree = "<group>"; };
		341C328C227200A800ED619E /* Info.plist */ = {isa = PBXFileReference; lastKnownFileType = text.plist.xml; path = Info.plist; sourceTree = "<group>"; };
		341C3291227200A800ED619E /* RecipleaseTests.xctest */ = {isa = PBXFileReference; explicitFileType = wrapper.cfbundle; includeInIndex = 0; path = RecipleaseTests.xctest; sourceTree = BUILT_PRODUCTS_DIR; };
		341C3295227200A800ED619E /* RecipleaseTests.swift */ = {isa = PBXFileReference; lastKnownFileType = sourcecode.swift; path = RecipleaseTests.swift; sourceTree = "<group>"; };
		341C3297227200A800ED619E /* Info.plist */ = {isa = PBXFileReference; lastKnownFileType = text.plist.xml; path = Info.plist; sourceTree = "<group>"; };
		341C329C227200A800ED619E /* RecipleaseUITests.xctest */ = {isa = PBXFileReference; explicitFileType = wrapper.cfbundle; includeInIndex = 0; path = RecipleaseUITests.xctest; sourceTree = BUILT_PRODUCTS_DIR; };
		341C32A0227200A800ED619E /* RecipleaseUITests.swift */ = {isa = PBXFileReference; lastKnownFileType = sourcecode.swift; path = RecipleaseUITests.swift; sourceTree = "<group>"; };
		341C32A2227200A800ED619E /* Info.plist */ = {isa = PBXFileReference; lastKnownFileType = text.plist.xml; path = Info.plist; sourceTree = "<group>"; };
		341D6FF122B97F6D00AA6CE1 /* Reciplease.xcdatamodel */ = {isa = PBXFileReference; lastKnownFileType = wrapper.xcdatamodel; path = Reciplease.xcdatamodel; sourceTree = "<group>"; };
		341D6FF322B9850800AA6CE1 /* RecipeStorageManager.swift */ = {isa = PBXFileReference; lastKnownFileType = sourcecode.swift; path = RecipeStorageManager.swift; sourceTree = "<group>"; };
		341D87F222A924C1009C62D8 /* Recipes.json */ = {isa = PBXFileReference; lastKnownFileType = text.json; path = Recipes.json; sourceTree = "<group>"; };
		341D87F422A92587009C62D8 /* FakeResponseData.swift */ = {isa = PBXFileReference; lastKnownFileType = sourcecode.swift; path = FakeResponseData.swift; sourceTree = "<group>"; };
		341FF3572275D64A00788AFE /* RecipesListController.swift */ = {isa = PBXFileReference; lastKnownFileType = sourcecode.swift; path = RecipesListController.swift; sourceTree = "<group>"; };
		341FF3592275D74000788AFE /* FavoritesListController.swift */ = {isa = PBXFileReference; lastKnownFileType = sourcecode.swift; path = FavoritesListController.swift; sourceTree = "<group>"; };
		341FF35B2275D91500788AFE /* DetailRecipeController.swift */ = {isa = PBXFileReference; lastKnownFileType = sourcecode.swift; path = DetailRecipeController.swift; sourceTree = "<group>"; };
		34220DF422BB8EAB00B47046 /* CoreDataTests.swift */ = {isa = PBXFileReference; lastKnownFileType = sourcecode.swift; path = CoreDataTests.swift; sourceTree = "<group>"; };
		3423F75122970E3700B2D19E /* RecipesService.swift */ = {isa = PBXFileReference; lastKnownFileType = sourcecode.swift; path = RecipesService.swift; sourceTree = "<group>"; };
		3426F6E622A5986700C6702F /* ApiKeys.plist */ = {isa = PBXFileReference; lastKnownFileType = text.plist.xml; path = ApiKeys.plist; sourceTree = "<group>"; };
		3426F6E822A5990300C6702F /* .gitignore */ = {isa = PBXFileReference; lastKnownFileType = text; path = .gitignore; sourceTree = "<group>"; };
		3426F6EA22A5992A00C6702F /* ApiKeys.swift */ = {isa = PBXFileReference; lastKnownFileType = sourcecode.swift; path = ApiKeys.swift; sourceTree = "<group>"; };
		34309E09227AE51200D714EF /* Recipes.swift */ = {isa = PBXFileReference; lastKnownFileType = sourcecode.swift; path = Recipes.swift; sourceTree = "<group>"; };
		34312C15227877EE006B4621 /* RecipeCellTableViewCell.swift */ = {isa = PBXFileReference; lastKnownFileType = sourcecode.swift; path = RecipeCellTableViewCell.swift; sourceTree = "<group>"; };
		34312C1722788035006B4621 /* FavoriteRecipeCellTableViewCell.swift */ = {isa = PBXFileReference; lastKnownFileType = sourcecode.swift; path = FavoriteRecipeCellTableViewCell.swift; sourceTree = "<group>"; };
		72231892F82B64B858441343 /* Pods-Reciplease.release.xcconfig */ = {isa = PBXFileReference; includeInIndex = 1; lastKnownFileType = text.xcconfig; name = "Pods-Reciplease.release.xcconfig"; path = "Target Support Files/Pods-Reciplease/Pods-Reciplease.release.xcconfig"; sourceTree = "<group>"; };
		7720E1992D9707157C519DD9 /* Pods_Reciplease.framework */ = {isa = PBXFileReference; explicitFileType = wrapper.framework; includeInIndex = 0; path = Pods_Reciplease.framework; sourceTree = BUILT_PRODUCTS_DIR; };
/* End PBXFileReference section */

/* Begin PBXFrameworksBuildPhase section */
		341C3277227200A600ED619E /* Frameworks */ = {
			isa = PBXFrameworksBuildPhase;
			buildActionMask = 2147483647;
			files = (
				6658BBA52CFE29CA746DAC7E /* Pods_Reciplease.framework in Frameworks */,
			);
			runOnlyForDeploymentPostprocessing = 0;
		};
		341C328E227200A800ED619E /* Frameworks */ = {
			isa = PBXFrameworksBuildPhase;
			buildActionMask = 2147483647;
			files = (
			);
			runOnlyForDeploymentPostprocessing = 0;
		};
		341C3299227200A800ED619E /* Frameworks */ = {
			isa = PBXFrameworksBuildPhase;
			buildActionMask = 2147483647;
			files = (
			);
			runOnlyForDeploymentPostprocessing = 0;
		};
/* End PBXFrameworksBuildPhase section */

/* Begin PBXGroup section */
		21DC5DC761A963CB7316F3DC /* Frameworks */ = {
			isa = PBXGroup;
			children = (
				7720E1992D9707157C519DD9 /* Pods_Reciplease.framework */,
			);
			name = Frameworks;
			sourceTree = "<group>";
		};
		341C3271227200A600ED619E = {
			isa = PBXGroup;
			children = (
				341C327C227200A600ED619E /* Reciplease */,
				341C3294227200A800ED619E /* RecipleaseTests */,
				341C329F227200A800ED619E /* RecipleaseUITests */,
				341C327B227200A600ED619E /* Products */,
				EED824752DC3AD34C01F2509 /* Pods */,
				21DC5DC761A963CB7316F3DC /* Frameworks */,
			);
			sourceTree = "<group>";
		};
		341C327B227200A600ED619E /* Products */ = {
			isa = PBXGroup;
			children = (
				341C327A227200A600ED619E /* Reciplease.app */,
				341C3291227200A800ED619E /* RecipleaseTests.xctest */,
				341C329C227200A800ED619E /* RecipleaseUITests.xctest */,
			);
			name = Products;
			sourceTree = "<group>";
		};
		341C327C227200A600ED619E /* Reciplease */ = {
			isa = PBXGroup;
			children = (
				341C32AE227201BD00ED619E /* Model */,
				341C32AF227201C700ED619E /* View */,
				341C32B0227201CD00ED619E /* Controller */,
				341C327D227200A600ED619E /* AppDelegate.swift */,
				341C3287227200A800ED619E /* Assets.xcassets */,
				341C3289227200A800ED619E /* LaunchScreen.storyboard */,
				341C328C227200A800ED619E /* Info.plist */,
				3426F6E622A5986700C6702F /* ApiKeys.plist */,
				3426F6E822A5990300C6702F /* .gitignore */,
				3426F6EA22A5992A00C6702F /* ApiKeys.swift */,
			);
			path = Reciplease;
			sourceTree = "<group>";
		};
		341C3294227200A800ED619E /* RecipleaseTests */ = {
			isa = PBXGroup;
			children = (
				341C3295227200A800ED619E /* RecipleaseTests.swift */,
				341C3297227200A800ED619E /* Info.plist */,
				341D87F222A924C1009C62D8 /* Recipes.json */,
				341D87F422A92587009C62D8 /* FakeResponseData.swift */,
				34220DF422BB8EAB00B47046 /* CoreDataTests.swift */,
			);
			path = RecipleaseTests;
			sourceTree = "<group>";
		};
		341C329F227200A800ED619E /* RecipleaseUITests */ = {
			isa = PBXGroup;
			children = (
				341C32A0227200A800ED619E /* RecipleaseUITests.swift */,
				341C32A2227200A800ED619E /* Info.plist */,
			);
			path = RecipleaseUITests;
			sourceTree = "<group>";
		};
		341C32AE227201BD00ED619E /* Model */ = {
			isa = PBXGroup;
			children = (
				34309E09227AE51200D714EF /* Recipes.swift */,
				3423F75122970E3700B2D19E /* RecipesService.swift */,
				341D6FF022B97F6D00AA6CE1 /* Reciplease.xcdatamodeld */,
				341D6FF322B9850800AA6CE1 /* RecipeStorageManager.swift */,
			);
			path = Model;
			sourceTree = "<group>";
		};
		341C32AF227201C700ED619E /* View */ = {
			isa = PBXGroup;
			children = (
				34312C15227877EE006B4621 /* RecipeCellTableViewCell.swift */,
				341C3281227200A600ED619E /* Main.storyboard */,
				34312C1722788035006B4621 /* FavoriteRecipeCellTableViewCell.swift */,
			);
			path = View;
			sourceTree = "<group>";
		};
		341C32B0227201CD00ED619E /* Controller */ = {
			isa = PBXGroup;
			children = (
				341FF3592275D74000788AFE /* FavoritesListController.swift */,
				341AE4FF2273454C0046535C /* SearchController.swift */,
				341FF3572275D64A00788AFE /* RecipesListController.swift */,
				341FF35B2275D91500788AFE /* DetailRecipeController.swift */,
			);
			path = Controller;
			sourceTree = "<group>";
		};
		EED824752DC3AD34C01F2509 /* Pods */ = {
			isa = PBXGroup;
			children = (
				2D418E3EBABFAA07FDE89843 /* Pods-Reciplease.debug.xcconfig */,
				72231892F82B64B858441343 /* Pods-Reciplease.release.xcconfig */,
			);
			path = Pods;
			sourceTree = "<group>";
		};
/* End PBXGroup section */

/* Begin PBXNativeTarget section */
		341C3279227200A600ED619E /* Reciplease */ = {
			isa = PBXNativeTarget;
			buildConfigurationList = 341C32A5227200A800ED619E /* Build configuration list for PBXNativeTarget "Reciplease" */;
			buildPhases = (
				D08E181751D1D30D36445F59 /* [CP] Check Pods Manifest.lock */,
				341C3276227200A600ED619E /* Sources */,
				341C3277227200A600ED619E /* Frameworks */,
				341C3278227200A600ED619E /* Resources */,
				9856EE9AE8A2ACEE857114B0 /* [CP] Embed Pods Frameworks */,
			);
			buildRules = (
			);
			dependencies = (
			);
			name = Reciplease;
			productName = Reciplease;
			productReference = 341C327A227200A600ED619E /* Reciplease.app */;
			productType = "com.apple.product-type.application";
		};
		341C3290227200A800ED619E /* RecipleaseTests */ = {
			isa = PBXNativeTarget;
			buildConfigurationList = 341C32A8227200A800ED619E /* Build configuration list for PBXNativeTarget "RecipleaseTests" */;
			buildPhases = (
				341C328D227200A800ED619E /* Sources */,
				341C328E227200A800ED619E /* Frameworks */,
				341C328F227200A800ED619E /* Resources */,
			);
			buildRules = (
			);
			dependencies = (
				341C3293227200A800ED619E /* PBXTargetDependency */,
			);
			name = RecipleaseTests;
			productName = RecipleaseTests;
			productReference = 341C3291227200A800ED619E /* RecipleaseTests.xctest */;
			productType = "com.apple.product-type.bundle.unit-test";
		};
		341C329B227200A800ED619E /* RecipleaseUITests */ = {
			isa = PBXNativeTarget;
			buildConfigurationList = 341C32AB227200A800ED619E /* Build configuration list for PBXNativeTarget "RecipleaseUITests" */;
			buildPhases = (
				341C3298227200A800ED619E /* Sources */,
				341C3299227200A800ED619E /* Frameworks */,
				341C329A227200A800ED619E /* Resources */,
			);
			buildRules = (
			);
			dependencies = (
				341C329E227200A800ED619E /* PBXTargetDependency */,
			);
			name = RecipleaseUITests;
			productName = RecipleaseUITests;
			productReference = 341C329C227200A800ED619E /* RecipleaseUITests.xctest */;
			productType = "com.apple.product-type.bundle.ui-testing";
		};
/* End PBXNativeTarget section */

/* Begin PBXProject section */
		341C3272227200A600ED619E /* Project object */ = {
			isa = PBXProject;
			attributes = {
				LastSwiftUpdateCheck = 1020;
				LastUpgradeCheck = 1020;
				ORGANIZATIONNAME = Nasch;
				TargetAttributes = {
					341C3279227200A600ED619E = {
						CreatedOnToolsVersion = 10.2.1;
					};
					341C3290227200A800ED619E = {
						CreatedOnToolsVersion = 10.2.1;
						TestTargetID = 341C3279227200A600ED619E;
					};
					341C329B227200A800ED619E = {
						CreatedOnToolsVersion = 10.2.1;
						TestTargetID = 341C3279227200A600ED619E;
					};
				};
			};
			buildConfigurationList = 341C3275227200A600ED619E /* Build configuration list for PBXProject "Reciplease" */;
			compatibilityVersion = "Xcode 9.3";
			developmentRegion = en;
			hasScannedForEncodings = 0;
			knownRegions = (
				en,
				Base,
			);
			mainGroup = 341C3271227200A600ED619E;
			productRefGroup = 341C327B227200A600ED619E /* Products */;
			projectDirPath = "";
			projectRoot = "";
			targets = (
				341C3279227200A600ED619E /* Reciplease */,
				341C3290227200A800ED619E /* RecipleaseTests */,
				341C329B227200A800ED619E /* RecipleaseUITests */,
			);
		};
/* End PBXProject section */

/* Begin PBXResourcesBuildPhase section */
		341C3278227200A600ED619E /* Resources */ = {
			isa = PBXResourcesBuildPhase;
			buildActionMask = 2147483647;
			files = (
				3426F6E922A5990300C6702F /* .gitignore in Resources */,
				341C328B227200A800ED619E /* LaunchScreen.storyboard in Resources */,
				3426F6E722A5986700C6702F /* ApiKeys.plist in Resources */,
				341C3288227200A800ED619E /* Assets.xcassets in Resources */,
				341C3283227200A600ED619E /* Main.storyboard in Resources */,
			);
			runOnlyForDeploymentPostprocessing = 0;
		};
		341C328F227200A800ED619E /* Resources */ = {
			isa = PBXResourcesBuildPhase;
			buildActionMask = 2147483647;
			files = (
				341D87F322A924C1009C62D8 /* Recipes.json in Resources */,
			);
			runOnlyForDeploymentPostprocessing = 0;
		};
		341C329A227200A800ED619E /* Resources */ = {
			isa = PBXResourcesBuildPhase;
			buildActionMask = 2147483647;
			files = (
			);
			runOnlyForDeploymentPostprocessing = 0;
		};
/* End PBXResourcesBuildPhase section */

/* Begin PBXShellScriptBuildPhase section */
		9856EE9AE8A2ACEE857114B0 /* [CP] Embed Pods Frameworks */ = {
			isa = PBXShellScriptBuildPhase;
			buildActionMask = 2147483647;
			files = (
			);
			inputFileListPaths = (
			);
			inputPaths = (
				"${PODS_ROOT}/Target Support Files/Pods-Reciplease/Pods-Reciplease-frameworks.sh",
				"${BUILT_PRODUCTS_DIR}/Alamofire/Alamofire.framework",
				"${BUILT_PRODUCTS_DIR}/Kingfisher/Kingfisher.framework",
			);
			name = "[CP] Embed Pods Frameworks";
			outputFileListPaths = (
			);
			outputPaths = (
				"${TARGET_BUILD_DIR}/${FRAMEWORKS_FOLDER_PATH}/Alamofire.framework",
				"${TARGET_BUILD_DIR}/${FRAMEWORKS_FOLDER_PATH}/Kingfisher.framework",
			);
			runOnlyForDeploymentPostprocessing = 0;
			shellPath = /bin/sh;
			shellScript = "\"${PODS_ROOT}/Target Support Files/Pods-Reciplease/Pods-Reciplease-frameworks.sh\"\n";
			showEnvVarsInLog = 0;
		};
		D08E181751D1D30D36445F59 /* [CP] Check Pods Manifest.lock */ = {
			isa = PBXShellScriptBuildPhase;
			buildActionMask = 2147483647;
			files = (
			);
			inputFileListPaths = (
			);
			inputPaths = (
				"${PODS_PODFILE_DIR_PATH}/Podfile.lock",
				"${PODS_ROOT}/Manifest.lock",
			);
			name = "[CP] Check Pods Manifest.lock";
			outputFileListPaths = (
			);
			outputPaths = (
				"$(DERIVED_FILE_DIR)/Pods-Reciplease-checkManifestLockResult.txt",
			);
			runOnlyForDeploymentPostprocessing = 0;
			shellPath = /bin/sh;
			shellScript = "diff \"${PODS_PODFILE_DIR_PATH}/Podfile.lock\" \"${PODS_ROOT}/Manifest.lock\" > /dev/null\nif [ $? != 0 ] ; then\n    # print error to STDERR\n    echo \"error: The sandbox is not in sync with the Podfile.lock. Run 'pod install' or update your CocoaPods installation.\" >&2\n    exit 1\nfi\n# This output is used by Xcode 'outputs' to avoid re-running this script phase.\necho \"SUCCESS\" > \"${SCRIPT_OUTPUT_FILE_0}\"\n";
			showEnvVarsInLog = 0;
		};
/* End PBXShellScriptBuildPhase section */

/* Begin PBXSourcesBuildPhase section */
		341C3276227200A600ED619E /* Sources */ = {
			isa = PBXSourcesBuildPhase;
			buildActionMask = 2147483647;
			files = (
				341FF35A2275D74000788AFE /* FavoritesListController.swift in Sources */,
				3426F6EB22A5992A00C6702F /* ApiKeys.swift in Sources */,
				341AE5002273454C0046535C /* SearchController.swift in Sources */,
				34312C1822788035006B4621 /* FavoriteRecipeCellTableViewCell.swift in Sources */,
				341FF35C2275D91500788AFE /* DetailRecipeController.swift in Sources */,
				3423F75222970E3700B2D19E /* RecipesService.swift in Sources */,
				34312C16227877EE006B4621 /* RecipeCellTableViewCell.swift in Sources */,
				341FF3582275D64A00788AFE /* RecipesListController.swift in Sources */,
				34309E0A227AE51200D714EF /* Recipes.swift in Sources */,
				341D6FF422B9850800AA6CE1 /* RecipeStorageManager.swift in Sources */,
				341D6FF222B97F6D00AA6CE1 /* Reciplease.xcdatamodeld in Sources */,
				341C327E227200A600ED619E /* AppDelegate.swift in Sources */,
			);
			runOnlyForDeploymentPostprocessing = 0;
		};
		341C328D227200A800ED619E /* Sources */ = {
			isa = PBXSourcesBuildPhase;
			buildActionMask = 2147483647;
			files = (
				341C3296227200A800ED619E /* RecipleaseTests.swift in Sources */,
				341D87F522A92587009C62D8 /* FakeResponseData.swift in Sources */,
				34220DF522BB8EAB00B47046 /* CoreDataTests.swift in Sources */,
			);
			runOnlyForDeploymentPostprocessing = 0;
		};
		341C3298227200A800ED619E /* Sources */ = {
			isa = PBXSourcesBuildPhase;
			buildActionMask = 2147483647;
			files = (
				341C32A1227200A800ED619E /* RecipleaseUITests.swift in Sources */,
			);
			runOnlyForDeploymentPostprocessing = 0;
		};
/* End PBXSourcesBuildPhase section */

/* Begin PBXTargetDependency section */
		341C3293227200A800ED619E /* PBXTargetDependency */ = {
			isa = PBXTargetDependency;
			target = 341C3279227200A600ED619E /* Reciplease */;
			targetProxy = 341C3292227200A800ED619E /* PBXContainerItemProxy */;
		};
		341C329E227200A800ED619E /* PBXTargetDependency */ = {
			isa = PBXTargetDependency;
			target = 341C3279227200A600ED619E /* Reciplease */;
			targetProxy = 341C329D227200A800ED619E /* PBXContainerItemProxy */;
		};
/* End PBXTargetDependency section */

/* Begin PBXVariantGroup section */
		341C3281227200A600ED619E /* Main.storyboard */ = {
			isa = PBXVariantGroup;
			children = (
				341C3282227200A600ED619E /* Base */,
			);
			name = Main.storyboard;
			sourceTree = "<group>";
		};
		341C3289227200A800ED619E /* LaunchScreen.storyboard */ = {
			isa = PBXVariantGroup;
			children = (
				341C328A227200A800ED619E /* Base */,
			);
			name = LaunchScreen.storyboard;
			sourceTree = "<group>";
		};
/* End PBXVariantGroup section */

/* Begin XCBuildConfiguration section */
		341C32A3227200A800ED619E /* Debug */ = {
			isa = XCBuildConfiguration;
			buildSettings = {
				ALWAYS_SEARCH_USER_PATHS = NO;
				CLANG_ANALYZER_NONNULL = YES;
				CLANG_ANALYZER_NUMBER_OBJECT_CONVERSION = YES_AGGRESSIVE;
				CLANG_CXX_LANGUAGE_STANDARD = "gnu++14";
				CLANG_CXX_LIBRARY = "libc++";
				CLANG_ENABLE_MODULES = YES;
				CLANG_ENABLE_OBJC_ARC = YES;
				CLANG_ENABLE_OBJC_WEAK = YES;
				CLANG_WARN_BLOCK_CAPTURE_AUTORELEASING = YES;
				CLANG_WARN_BOOL_CONVERSION = YES;
				CLANG_WARN_COMMA = YES;
				CLANG_WARN_CONSTANT_CONVERSION = YES;
				CLANG_WARN_DEPRECATED_OBJC_IMPLEMENTATIONS = YES;
				CLANG_WARN_DIRECT_OBJC_ISA_USAGE = YES_ERROR;
				CLANG_WARN_DOCUMENTATION_COMMENTS = YES;
				CLANG_WARN_EMPTY_BODY = YES;
				CLANG_WARN_ENUM_CONVERSION = YES;
				CLANG_WARN_INFINITE_RECURSION = YES;
				CLANG_WARN_INT_CONVERSION = YES;
				CLANG_WARN_NON_LITERAL_NULL_CONVERSION = YES;
				CLANG_WARN_OBJC_IMPLICIT_RETAIN_SELF = YES;
				CLANG_WARN_OBJC_LITERAL_CONVERSION = YES;
				CLANG_WARN_OBJC_ROOT_CLASS = YES_ERROR;
				CLANG_WARN_RANGE_LOOP_ANALYSIS = YES;
				CLANG_WARN_STRICT_PROTOTYPES = YES;
				CLANG_WARN_SUSPICIOUS_MOVE = YES;
				CLANG_WARN_UNGUARDED_AVAILABILITY = YES_AGGRESSIVE;
				CLANG_WARN_UNREACHABLE_CODE = YES;
				CLANG_WARN__DUPLICATE_METHOD_MATCH = YES;
				CODE_SIGN_IDENTITY = "iPhone Developer";
				COPY_PHASE_STRIP = NO;
				DEBUG_INFORMATION_FORMAT = dwarf;
				ENABLE_STRICT_OBJC_MSGSEND = YES;
				ENABLE_TESTABILITY = YES;
				GCC_C_LANGUAGE_STANDARD = gnu11;
				GCC_DYNAMIC_NO_PIC = NO;
				GCC_NO_COMMON_BLOCKS = YES;
				GCC_OPTIMIZATION_LEVEL = 0;
				GCC_PREPROCESSOR_DEFINITIONS = (
					"DEBUG=1",
					"$(inherited)",
				);
				GCC_WARN_64_TO_32_BIT_CONVERSION = YES;
				GCC_WARN_ABOUT_RETURN_TYPE = YES_ERROR;
				GCC_WARN_UNDECLARED_SELECTOR = YES;
				GCC_WARN_UNINITIALIZED_AUTOS = YES_AGGRESSIVE;
				GCC_WARN_UNUSED_FUNCTION = YES;
				GCC_WARN_UNUSED_VARIABLE = YES;
				IPHONEOS_DEPLOYMENT_TARGET = 12.2;
				MTL_ENABLE_DEBUG_INFO = INCLUDE_SOURCE;
				MTL_FAST_MATH = YES;
				ONLY_ACTIVE_ARCH = YES;
				SDKROOT = iphoneos;
				SWIFT_ACTIVE_COMPILATION_CONDITIONS = DEBUG;
				SWIFT_OPTIMIZATION_LEVEL = "-Onone";
			};
			name = Debug;
		};
		341C32A4227200A800ED619E /* Release */ = {
			isa = XCBuildConfiguration;
			buildSettings = {
				ALWAYS_SEARCH_USER_PATHS = NO;
				CLANG_ANALYZER_NONNULL = YES;
				CLANG_ANALYZER_NUMBER_OBJECT_CONVERSION = YES_AGGRESSIVE;
				CLANG_CXX_LANGUAGE_STANDARD = "gnu++14";
				CLANG_CXX_LIBRARY = "libc++";
				CLANG_ENABLE_MODULES = YES;
				CLANG_ENABLE_OBJC_ARC = YES;
				CLANG_ENABLE_OBJC_WEAK = YES;
				CLANG_WARN_BLOCK_CAPTURE_AUTORELEASING = YES;
				CLANG_WARN_BOOL_CONVERSION = YES;
				CLANG_WARN_COMMA = YES;
				CLANG_WARN_CONSTANT_CONVERSION = YES;
				CLANG_WARN_DEPRECATED_OBJC_IMPLEMENTATIONS = YES;
				CLANG_WARN_DIRECT_OBJC_ISA_USAGE = YES_ERROR;
				CLANG_WARN_DOCUMENTATION_COMMENTS = YES;
				CLANG_WARN_EMPTY_BODY = YES;
				CLANG_WARN_ENUM_CONVERSION = YES;
				CLANG_WARN_INFINITE_RECURSION = YES;
				CLANG_WARN_INT_CONVERSION = YES;
				CLANG_WARN_NON_LITERAL_NULL_CONVERSION = YES;
				CLANG_WARN_OBJC_IMPLICIT_RETAIN_SELF = YES;
				CLANG_WARN_OBJC_LITERAL_CONVERSION = YES;
				CLANG_WARN_OBJC_ROOT_CLASS = YES_ERROR;
				CLANG_WARN_RANGE_LOOP_ANALYSIS = YES;
				CLANG_WARN_STRICT_PROTOTYPES = YES;
				CLANG_WARN_SUSPICIOUS_MOVE = YES;
				CLANG_WARN_UNGUARDED_AVAILABILITY = YES_AGGRESSIVE;
				CLANG_WARN_UNREACHABLE_CODE = YES;
				CLANG_WARN__DUPLICATE_METHOD_MATCH = YES;
				CODE_SIGN_IDENTITY = "iPhone Developer";
				COPY_PHASE_STRIP = NO;
				DEBUG_INFORMATION_FORMAT = "dwarf-with-dsym";
				ENABLE_NS_ASSERTIONS = NO;
				ENABLE_STRICT_OBJC_MSGSEND = YES;
				GCC_C_LANGUAGE_STANDARD = gnu11;
				GCC_NO_COMMON_BLOCKS = YES;
				GCC_WARN_64_TO_32_BIT_CONVERSION = YES;
				GCC_WARN_ABOUT_RETURN_TYPE = YES_ERROR;
				GCC_WARN_UNDECLARED_SELECTOR = YES;
				GCC_WARN_UNINITIALIZED_AUTOS = YES_AGGRESSIVE;
				GCC_WARN_UNUSED_FUNCTION = YES;
				GCC_WARN_UNUSED_VARIABLE = YES;
				IPHONEOS_DEPLOYMENT_TARGET = 12.2;
				MTL_ENABLE_DEBUG_INFO = NO;
				MTL_FAST_MATH = YES;
				SDKROOT = iphoneos;
				SWIFT_COMPILATION_MODE = wholemodule;
				SWIFT_OPTIMIZATION_LEVEL = "-O";
				VALIDATE_PRODUCT = YES;
			};
			name = Release;
		};
		341C32A6227200A800ED619E /* Debug */ = {
			isa = XCBuildConfiguration;
			baseConfigurationReference = 2D418E3EBABFAA07FDE89843 /* Pods-Reciplease.debug.xcconfig */;
			buildSettings = {
				ASSETCATALOG_COMPILER_APPICON_NAME = AppIcon;
				CODE_SIGN_STYLE = Automatic;
				DEVELOPMENT_TEAM = HD9FBZBVT8;
				INFOPLIST_FILE = Reciplease/Info.plist;
				LD_RUNPATH_SEARCH_PATHS = (
					"$(inherited)",
					"@executable_path/Frameworks",
				);
				PRODUCT_BUNDLE_IDENTIFIER = com.nicolaspaschal.Reciplease;
				PRODUCT_NAME = "$(TARGET_NAME)";
				SWIFT_VERSION = 5.0;
				TARGETED_DEVICE_FAMILY = "1,2";
			};
			name = Debug;
		};
		341C32A7227200A800ED619E /* Release */ = {
			isa = XCBuildConfiguration;
			baseConfigurationReference = 72231892F82B64B858441343 /* Pods-Reciplease.release.xcconfig */;
			buildSettings = {
				ASSETCATALOG_COMPILER_APPICON_NAME = AppIcon;
				CODE_SIGN_STYLE = Automatic;
				DEVELOPMENT_TEAM = HD9FBZBVT8;
				INFOPLIST_FILE = Reciplease/Info.plist;
				LD_RUNPATH_SEARCH_PATHS = (
					"$(inherited)",
					"@executable_path/Frameworks",
				);
				PRODUCT_BUNDLE_IDENTIFIER = com.nicolaspaschal.Reciplease;
				PRODUCT_NAME = "$(TARGET_NAME)";
				SWIFT_VERSION = 5.0;
				TARGETED_DEVICE_FAMILY = "1,2";
			};
			name = Release;
		};
		341C32A9227200A800ED619E /* Debug */ = {
			isa = XCBuildConfiguration;
			buildSettings = {
				ALWAYS_EMBED_SWIFT_STANDARD_LIBRARIES = YES;
				BUNDLE_LOADER = "$(TEST_HOST)";
				CODE_SIGN_STYLE = Automatic;
				DEVELOPMENT_TEAM = HD9FBZBVT8;
				INFOPLIST_FILE = RecipleaseTests/Info.plist;
				LD_RUNPATH_SEARCH_PATHS = (
					"$(inherited)",
					"@executable_path/Frameworks",
					"@loader_path/Frameworks",
				);
				PRODUCT_BUNDLE_IDENTIFIER = com.nicolaspaschal.RecipleaseTests;
				PRODUCT_NAME = "$(TARGET_NAME)";
				SWIFT_VERSION = 5.0;
				TARGETED_DEVICE_FAMILY = "1,2";
				TEST_HOST = "$(BUILT_PRODUCTS_DIR)/Reciplease.app/Reciplease";
			};
			name = Debug;
		};
		341C32AA227200A800ED619E /* Release */ = {
			isa = XCBuildConfiguration;
			buildSettings = {
				ALWAYS_EMBED_SWIFT_STANDARD_LIBRARIES = YES;
				BUNDLE_LOADER = "$(TEST_HOST)";
				CODE_SIGN_STYLE = Automatic;
				DEVELOPMENT_TEAM = HD9FBZBVT8;
				INFOPLIST_FILE = RecipleaseTests/Info.plist;
				LD_RUNPATH_SEARCH_PATHS = (
					"$(inherited)",
					"@executable_path/Frameworks",
					"@loader_path/Frameworks",
				);
				PRODUCT_BUNDLE_IDENTIFIER = com.nicolaspaschal.RecipleaseTests;
				PRODUCT_NAME = "$(TARGET_NAME)";
				SWIFT_VERSION = 5.0;
				TARGETED_DEVICE_FAMILY = "1,2";
				TEST_HOST = "$(BUILT_PRODUCTS_DIR)/Reciplease.app/Reciplease";
			};
			name = Release;
		};
		341C32AC227200A800ED619E /* Debug */ = {
			isa = XCBuildConfiguration;
			buildSettings = {
				ALWAYS_EMBED_SWIFT_STANDARD_LIBRARIES = YES;
				CODE_SIGN_STYLE = Automatic;
				DEVELOPMENT_TEAM = HD9FBZBVT8;
				INFOPLIST_FILE = RecipleaseUITests/Info.plist;
				LD_RUNPATH_SEARCH_PATHS = (
					"$(inherited)",
					"@executable_path/Frameworks",
					"@loader_path/Frameworks",
				);
				PRODUCT_BUNDLE_IDENTIFIER = com.nicolaspaschal.RecipleaseUITests;
				PRODUCT_NAME = "$(TARGET_NAME)";
				SWIFT_VERSION = 5.0;
				TARGETED_DEVICE_FAMILY = "1,2";
				TEST_TARGET_NAME = Reciplease;
			};
			name = Debug;
		};
		341C32AD227200A800ED619E /* Release */ = {
			isa = XCBuildConfiguration;
			buildSettings = {
				ALWAYS_EMBED_SWIFT_STANDARD_LIBRARIES = YES;
				CODE_SIGN_STYLE = Automatic;
				DEVELOPMENT_TEAM = HD9FBZBVT8;
				INFOPLIST_FILE = RecipleaseUITests/Info.plist;
				LD_RUNPATH_SEARCH_PATHS = (
					"$(inherited)",
					"@executable_path/Frameworks",
					"@loader_path/Frameworks",
				);
				PRODUCT_BUNDLE_IDENTIFIER = com.nicolaspaschal.RecipleaseUITests;
				PRODUCT_NAME = "$(TARGET_NAME)";
				SWIFT_VERSION = 5.0;
				TARGETED_DEVICE_FAMILY = "1,2";
				TEST_TARGET_NAME = Reciplease;
			};
			name = Release;
		};
/* End XCBuildConfiguration section */

/* Begin XCConfigurationList section */
		341C3275227200A600ED619E /* Build configuration list for PBXProject "Reciplease" */ = {
			isa = XCConfigurationList;
			buildConfigurations = (
				341C32A3227200A800ED619E /* Debug */,
				341C32A4227200A800ED619E /* Release */,
			);
			defaultConfigurationIsVisible = 0;
			defaultConfigurationName = Release;
		};
		341C32A5227200A800ED619E /* Build configuration list for PBXNativeTarget "Reciplease" */ = {
			isa = XCConfigurationList;
			buildConfigurations = (
				341C32A6227200A800ED619E /* Debug */,
				341C32A7227200A800ED619E /* Release */,
			);
			defaultConfigurationIsVisible = 0;
			defaultConfigurationName = Release;
		};
		341C32A8227200A800ED619E /* Build configuration list for PBXNativeTarget "RecipleaseTests" */ = {
			isa = XCConfigurationList;
			buildConfigurations = (
				341C32A9227200A800ED619E /* Debug */,
				341C32AA227200A800ED619E /* Release */,
			);
			defaultConfigurationIsVisible = 0;
			defaultConfigurationName = Release;
		};
		341C32AB227200A800ED619E /* Build configuration list for PBXNativeTarget "RecipleaseUITests" */ = {
			isa = XCConfigurationList;
			buildConfigurations = (
				341C32AC227200A800ED619E /* Debug */,
				341C32AD227200A800ED619E /* Release */,
			);
			defaultConfigurationIsVisible = 0;
			defaultConfigurationName = Release;
		};
/* End XCConfigurationList section */

/* Begin XCVersionGroup section */
		341D6FF022B97F6D00AA6CE1 /* Reciplease.xcdatamodeld */ = {
			isa = XCVersionGroup;
			children = (
				341D6FF122B97F6D00AA6CE1 /* Reciplease.xcdatamodel */,
			);
			currentVersion = 341D6FF122B97F6D00AA6CE1 /* Reciplease.xcdatamodel */;
			path = Reciplease.xcdatamodeld;
			sourceTree = "<group>";
			versionGroupType = wrapper.xcdatamodel;
		};
/* End XCVersionGroup section */
	};
	rootObject = 341C3272227200A600ED619E /* Project object */;
}
